
Microsoft Visual Studio Solution File, Format Version 12.00
# Visual Studio Version 16
VisualStudioVersion = 16.0.30413.136
MinimumVisualStudioVersion = 10.0.40219.1
Project("{888888A0-9F3D-457C-B088-3A5042F75D52}") = "EUrigit", "EUrigit.pyproj", "{EB24502A-6F8B-4109-B27D-2BCEB5363C9D}"
EndProject
Global
	GlobalSection(SolutionConfigurationPlatforms) = preSolution
		Debug|Any CPU = Debug|Any CPU
		Release|Any CPU = Release|Any CPU
	EndGlobalSection
	GlobalSection(ProjectConfigurationPlatforms) = postSolution
		{EB24502A-6F8B-4109-B27D-2BCEB5363C9D}.Debug|Any CPU.ActiveCfg = Debug|Any CPU
		{EB24502A-6F8B-4109-B27D-2BCEB5363C9D}.Release|Any CPU.ActiveCfg = Release|Any CPU
	EndGlobalSection
	GlobalSection(SolutionProperties) = preSolution
		HideSolutionNode = FALSE
	EndGlobalSection
	GlobalSection(ExtensibilityGlobals) = postSolution
		SolutionGuid = {62FCD14A-C54E-47DA-965D-7EFE4C83E84C}
	EndGlobalSection
EndGlobal
